
Microsoft Visual Studio Solution File, Format Version 12.00
# Visual Studio Version 17
VisualStudioVersion = 17.0.31903.59
MinimumVisualStudioVersion = 10.0.40219.1
Project("{2150E333-8FDC-42A3-9474-1A3956D46DE8}") = "Ui", "Ui", "{8876EB37-A519-449F-937D-A25AB04F3602}"
EndProject
Project("{FAE04EC0-301F-11D3-BF4B-00C04F79EFBC}") = "Ui.ConsoleApp", "Ui\Ui.ConsoleApp\Ui.ConsoleApp.csproj", "{C07DBCA8-B976-4F98-BADB-FEDA269E4373}"
EndProject
Global
	GlobalSection(SolutionConfigurationPlatforms) = preSolution
		Debug|Any CPU = Debug|Any CPU
		Release|Any CPU = Release|Any CPU
	EndGlobalSection
	GlobalSection(SolutionProperties) = preSolution
		HideSolutionNode = FALSE
	EndGlobalSection
	GlobalSection(NestedProjects) = preSolution
		{C07DBCA8-B976-4F98-BADB-FEDA269E4373} = {8876EB37-A519-449F-937D-A25AB04F3602}
	EndGlobalSection
	GlobalSection(ProjectConfigurationPlatforms) = postSolution
		{C07DBCA8-B976-4F98-BADB-FEDA269E4373}.Debug|Any CPU.ActiveCfg = Debug|Any CPU
		{C07DBCA8-B976-4F98-BADB-FEDA269E4373}.Debug|Any CPU.Build.0 = Debug|Any CPU
		{C07DBCA8-B976-4F98-BADB-FEDA269E4373}.Release|Any CPU.ActiveCfg = Release|Any CPU
		{C07DBCA8-B976-4F98-BADB-FEDA269E4373}.Release|Any CPU.Build.0 = Release|Any CPU
	EndGlobalSection
EndGlobal
